
Microsoft Visual Studio Solution File, Format Version 12.00
Project("{FAE04EC0-301F-11D3-BF4B-00C04F79EFBC}") = "CornKidzAP", "CornKidzAP\CornKidzAP.csproj", "{22F29E14-4288-4B81-9063-C69D69B6086B}"
EndProject
Project("{FAE04EC0-301F-11D3-BF4B-00C04F79EFBC}") = "CornKidzAP.Tests", "CornKidzAP.Tests\CornKidzAP.Tests.csproj", "{C4AF837D-8053-4114-B6E7-8831E2B48DAE}"
EndProject
Global
	GlobalSection(SolutionConfigurationPlatforms) = preSolution
		Debug 1.029|Any CPU = Debug 1.029|Any CPU
		Release 1.029|Any CPU = Release 1.029|Any CPU
		Release 1.027|Any CPU = Release 1.027|Any CPU
		Test 1.029|Any CPU = Test 1.029|Any CPU
		Debug 1.027|Any CPU = Debug 1.027|Any CPU
	EndGlobalSection
	GlobalSection(ProjectConfigurationPlatforms) = postSolution
		{22F29E14-4288-4B81-9063-C69D69B6086B}.Release 1.029|Any CPU.ActiveCfg = Release 1.029|Any CPU
		{22F29E14-4288-4B81-9063-C69D69B6086B}.Release 1.029|Any CPU.Build.0 = Release 1.029|Any CPU
		{22F29E14-4288-4B81-9063-C69D69B6086B}.Debug 1.029|Any CPU.ActiveCfg = Debug 1.029|Any CPU
		{22F29E14-4288-4B81-9063-C69D69B6086B}.Debug 1.029|Any CPU.Build.0 = Debug 1.029|Any CPU
		{22F29E14-4288-4B81-9063-C69D69B6086B}.Release 1.027|Any CPU.ActiveCfg = Release 1.027|Any CPU
		{22F29E14-4288-4B81-9063-C69D69B6086B}.Release 1.027|Any CPU.Build.0 = Release 1.027|Any CPU
		{22F29E14-4288-4B81-9063-C69D69B6086B}.Test 1.029|Any CPU.ActiveCfg = Test 1.029|Any CPU
		{22F29E14-4288-4B81-9063-C69D69B6086B}.Test 1.029|Any CPU.Build.0 = Test 1.029|Any CPU
		{22F29E14-4288-4B81-9063-C69D69B6086B}.Debug 1.027|Any CPU.ActiveCfg = Debug 1.027|Any CPU
		{22F29E14-4288-4B81-9063-C69D69B6086B}.Debug 1.027|Any CPU.Build.0 = Debug 1.027|Any CPU
		{C4AF837D-8053-4114-B6E7-8831E2B48DAE}.Test 1.029|Any CPU.ActiveCfg = Test 1.029|Any CPU
		{C4AF837D-8053-4114-B6E7-8831E2B48DAE}.Test 1.029|Any CPU.Build.0 = Test 1.029|Any CPU
		{C4AF837D-8053-4114-B6E7-8831E2B48DAE}.Debug 1.029|Any CPU.ActiveCfg = Test 1.029|Any CPU
		{C4AF837D-8053-4114-B6E7-8831E2B48DAE}.Debug 1.027|Any CPU.ActiveCfg = Test 1.029|Any CPU
		{C4AF837D-8053-4114-B6E7-8831E2B48DAE}.Release 1.027|Any CPU.ActiveCfg = Test 1.029|Any CPU
		{C4AF837D-8053-4114-B6E7-8831E2B48DAE}.Release 1.029|Any CPU.ActiveCfg = Test 1.029|Any CPU
	EndGlobalSection
EndGlobal
